
Microsoft Visual Studio Solution File, Format Version 12.00
# Visual Studio 14
VisualStudioVersion = 14.0.25420.1
MinimumVisualStudioVersion = 10.0.40219.1
Project("{FAE04EC0-301F-11D3-BF4B-00C04F79EFBC}") = "EasyLearning", "EasyLearning\EasyLearning.csproj", "{63F3BFA7-A080-4D85-9EF7-48F236F40419}"
EndProject
Project("{FAE04EC0-301F-11D3-BF4B-00C04F79EFBC}") = "EasyLearning.Service", "EasyLearning.Service\EasyLearning.Service.csproj", "{1E306A02-6027-42DA-8BE7-632D0DE1F326}"
EndProject
Project("{FAE04EC0-301F-11D3-BF4B-00C04F79EFBC}") = "EasyLearning.Service.Tests", "EasyLearning.Service.Tests\EasyLearning.Service.Tests.csproj", "{47BE1FD4-622E-49B9-AD30-98D577EE16A0}"
EndProject
Global
	GlobalSection(SolutionConfigurationPlatforms) = preSolution
		Debug|Any CPU = Debug|Any CPU
		Release|Any CPU = Release|Any CPU
	EndGlobalSection
	GlobalSection(ProjectConfigurationPlatforms) = postSolution
		{63F3BFA7-A080-4D85-9EF7-48F236F40419}.Debug|Any CPU.ActiveCfg = Debug|Any CPU
		{63F3BFA7-A080-4D85-9EF7-48F236F40419}.Debug|Any CPU.Build.0 = Debug|Any CPU
		{63F3BFA7-A080-4D85-9EF7-48F236F40419}.Release|Any CPU.ActiveCfg = Release|Any CPU
		{63F3BFA7-A080-4D85-9EF7-48F236F40419}.Release|Any CPU.Build.0 = Release|Any CPU
		{1E306A02-6027-42DA-8BE7-632D0DE1F326}.Debug|Any CPU.ActiveCfg = Debug|Any CPU
		{1E306A02-6027-42DA-8BE7-632D0DE1F326}.Debug|Any CPU.Build.0 = Debug|Any CPU
		{1E306A02-6027-42DA-8BE7-632D0DE1F326}.Release|Any CPU.ActiveCfg = Release|Any CPU
		{1E306A02-6027-42DA-8BE7-632D0DE1F326}.Release|Any CPU.Build.0 = Release|Any CPU
		{47BE1FD4-622E-49B9-AD30-98D577EE16A0}.Debug|Any CPU.ActiveCfg = Debug|Any CPU
		{47BE1FD4-622E-49B9-AD30-98D577EE16A0}.Debug|Any CPU.Build.0 = Debug|Any CPU
		{47BE1FD4-622E-49B9-AD30-98D577EE16A0}.Release|Any CPU.ActiveCfg = Release|Any CPU
		{47BE1FD4-622E-49B9-AD30-98D577EE16A0}.Release|Any CPU.Build.0 = Release|Any CPU
	EndGlobalSection
	GlobalSection(SolutionProperties) = preSolution
		HideSolutionNode = FALSE
	EndGlobalSection
	GlobalSection(TeamFoundationVersionControl) = preSolution
		SccNumberOfProjects = 1
		SccEnterpriseProvider = {4CA58AB2-18FA-4F8D-95D4-32DDF27D184C}
		SccTeamFoundationServer = http://softure.southcentralus.cloudapp.azure.com:8080/tfs/defaultcollection
		SccProjectUniqueName0 = EasyLearning\\EasyLearning.csproj
		SccProjectName0 = EasyLearning
		SccAuxPath0 = http://softure.southcentralus.cloudapp.azure.com:8080/tfs/defaultcollection
		SccLocalPath0 = EasyLearning
		SccProvider0 = {4CA58AB2-18FA-4F8D-95D4-32DDF27D184C}
	EndGlobalSection
EndGlobal
